{
  "projects": [
    {
      "projectId": "5fgC6e3xtG9mSe5XxMw1h6",
      "version": "latest",
      "dependencies": {},
      "lang": "ts",
      "fileLocks": [
        {
          "type": "globalVariant",
          "assetId": "Psat7WFJvDGQs",
          "checksum": "cbe1adab2f6f0500cef0af33b09e5cac"
        },
        {
          "assetId": "5fgC6e3xtG9mSe5XxMw1h6",
          "type": "projectCss",
          "checksum": "e9ea5992d01e772c905af37486a5dd73"
        },
        {
          "type": "renderModule",
          "assetId": "x6ywAWriO7waN",
          "checksum": "c74ab288f4218c14751b295c816df5e8"
        },
        {
          "type": "cssRules",
          "assetId": "x6ywAWriO7waN",
          "checksum": "c74ab288f4218c14751b295c816df5e8"
        },
        {
          "type": "renderModule",
          "assetId": "z_N_gMmn4G5WZ",
          "checksum": "eb4ad3ccd1612856c7a8c569eb9d5959"
        },
        {
          "type": "cssRules",
          "assetId": "z_N_gMmn4G5WZ",
          "checksum": "eb4ad3ccd1612856c7a8c569eb9d5959"
        },
        {
          "type": "renderModule",
          "assetId": "efIlTEuIcPX86",
          "checksum": "943d1ccfd2c62cb39f593a6e6adb9445"
        },
        {
          "type": "cssRules",
          "assetId": "efIlTEuIcPX86",
          "checksum": "943d1ccfd2c62cb39f593a6e6adb9445"
        },
        {
          "type": "renderModule",
          "assetId": "EUHAWQvqEbnMq",
          "checksum": "3ac65291ce2f7148651763f3834aef51"
        },
        {
          "type": "cssRules",
          "assetId": "EUHAWQvqEbnMq",
          "checksum": "3ac65291ce2f7148651763f3834aef51"
        },
        {
          "type": "renderModule",
          "assetId": "a53B_N4oJIxsDo",
          "checksum": "bb51de1c2fad8ae6d25ab53fb2c5cb01"
        },
        {
          "type": "cssRules",
          "assetId": "a53B_N4oJIxsDo",
          "checksum": "bb51de1c2fad8ae6d25ab53fb2c5cb01"
        },
        {
          "type": "renderModule",
          "assetId": "CepGBR_d__4isF",
          "checksum": "da196d9fe87f7c27e50849e7abba6533"
        },
        {
          "type": "cssRules",
          "assetId": "CepGBR_d__4isF",
          "checksum": "da196d9fe87f7c27e50849e7abba6533"
        },
        {
          "type": "renderModule",
          "assetId": "MtJXRFWMfZQoFu",
          "checksum": "9067e54222deb5e8f6bf842c8f6f7166"
        },
        {
          "type": "cssRules",
          "assetId": "MtJXRFWMfZQoFu",
          "checksum": "9067e54222deb5e8f6bf842c8f6f7166"
        },
        {
          "type": "renderModule",
          "assetId": "PwfhvXxxmGMXdT",
          "checksum": "9976518927bf860e54aa47317ea51128"
        },
        {
          "type": "cssRules",
          "assetId": "PwfhvXxxmGMXdT",
          "checksum": "9976518927bf860e54aa47317ea51128"
        },
        {
          "type": "renderModule",
          "assetId": "J3UtIY8qAKE",
          "checksum": "76edb2a4adadb88b65cba2385265dfe1"
        },
        {
          "type": "cssRules",
          "assetId": "J3UtIY8qAKE",
          "checksum": "76edb2a4adadb88b65cba2385265dfe1"
        },
        {
          "type": "renderModule",
          "assetId": "VHre_qjTKYpX",
          "checksum": "57ade492197d06aa7e201c81eea795c4"
        },
        {
          "type": "cssRules",
          "assetId": "VHre_qjTKYpX",
          "checksum": "57ade492197d06aa7e201c81eea795c4"
        },
        {
          "type": "renderModule",
          "assetId": "RWBpS7VVQ6JKP",
          "checksum": "18a8373c002a244701f01419da94bd82"
        },
        {
          "type": "cssRules",
          "assetId": "RWBpS7VVQ6JKP",
          "checksum": "18a8373c002a244701f01419da94bd82"
        },
        {
          "type": "icon",
          "assetId": "DB94mkdhBksW6",
          "checksum": "3499c7f24cad35ab0cb091fa08dc5447"
        },
        {
          "type": "icon",
          "assetId": "poSs90tx4Hzgt",
          "checksum": "eea383fd11732d6adee660a9253cdf0d"
        },
        {
          "type": "icon",
          "assetId": "VGNtG3L1crW9d",
          "checksum": "9bc1ec079aeb4299285c0d5161626816"
        },
        {
          "type": "icon",
          "assetId": "Z82hxwC5kVefV",
          "checksum": "8bdd6fcb2622209c5649ca4323072665"
        },
        {
          "type": "icon",
          "assetId": "xfsa6BBw88cyd",
          "checksum": "25c942237d9520fc0082e9ca9dcd45bf"
        },
        {
          "type": "icon",
          "assetId": "UeP3NsdGXkOvG",
          "checksum": "9c261e4ba6c5abb0418455b3e75d9ef4"
        },
        {
          "type": "icon",
          "assetId": "KE6oDTWN7hpqp",
          "checksum": "328720bdbc41aec70a34cd544505eb02"
        },
        {
          "type": "icon",
          "assetId": "AGjUZCxp_Da8n",
          "checksum": "f219b5fef6fd08e6b5a6c2ddcc24c833"
        },
        {
          "type": "icon",
          "assetId": "-hxe3esDxnCRI",
          "checksum": "0c2b32bf70369ce0d2a66b87568535b1"
        },
        {
          "type": "image",
          "assetId": "IO5f_wnvQWMTY",
          "checksum": "88525b66e01451465fce293195cea68d"
        },
        {
          "type": "image",
          "assetId": "axn9readwQApf",
          "checksum": "c62f46519d98e93eb61a0ae1c0267d18"
        },
        {
          "type": "image",
          "assetId": "yQr11uLNnPMhj",
          "checksum": "13091d332df36a523be835925b29ac86"
        },
        {
          "type": "image",
          "assetId": "a598qnNQGSf1D",
          "checksum": "d6ea81284af735662b5aed59d1a794c9"
        },
        {
          "type": "image",
          "assetId": "Wbq10QoONc-JJ",
          "checksum": "83f1be7cef9a7b37b0e044399813ffee"
        },
        {
          "type": "image",
          "assetId": "A-OCGv0PCJRfR",
          "checksum": "2746becb771f29706e800e57e808a18d"
        },
        {
          "type": "image",
          "assetId": "McGen3aTTtmdq",
          "checksum": "2664e3577cb9536075a1e3c6f62979d7"
        },
        {
          "type": "image",
          "assetId": "vfUcCQbBBRV6d",
          "checksum": "0a3c858ddcfb895fc126a2cf09ae77f4"
        },
        {
          "type": "image",
          "assetId": "Dx0fe6Jvo4FFd",
          "checksum": "d1ac7e9750da426c596150e8fee450c6"
        },
        {
          "type": "image",
          "assetId": "3sBhou6aVHBK8",
          "checksum": "6d50fe4d09bef0c3965f2318b662a2e6"
        },
        {
          "type": "image",
          "assetId": "LcyF9DBtuAyAy",
          "checksum": "f4fbb44afa86767147caca0d58876be5"
        },
        {
          "type": "image",
          "assetId": "l1G-H3IQox8wj",
          "checksum": "0fee5d756b484735812f8db898692fe4"
        },
        {
          "type": "image",
          "assetId": "h7d6wiqMfFCyW",
          "checksum": "d7ad8ab58e49d14b026f3a3c58c6f980"
        },
        {
          "type": "image",
          "assetId": "XOqD9VrWtqI1p",
          "checksum": "a7155e3c4e3df74195f1c2665e6a54cc"
        },
        {
          "type": "image",
          "assetId": "8zIqfmRJ81cyH",
          "checksum": "f638710b506f1b08abb9321552175eb7"
        },
        {
          "type": "image",
          "assetId": "nIesHKUXSjH9z",
          "checksum": "9b555db6efad853dd37570a20b144945"
        },
        {
          "type": "image",
          "assetId": "ALeiElq4Ze4uZ",
          "checksum": "6f51cd25a54e9d06f1fd18ebcf7492b7"
        },
        {
          "type": "image",
          "assetId": "xo2UH2rUeSpk0",
          "checksum": "5779cb0f43a38017b118e71a85b42952"
        },
        {
          "type": "image",
          "assetId": "dQCHrukBDX4to",
          "checksum": "7b14bd512248230c53a8d9c4136b072e"
        },
        {
          "type": "image",
          "assetId": "ln7fzZ7swNQyF",
          "checksum": "1a58ea28517489ff7076362b5196b58c"
        },
        {
          "type": "image",
          "assetId": "c4ySFHZJQRQsE",
          "checksum": "3d19276af33522fdde08c2e28df69bf7"
        },
        {
          "type": "image",
          "assetId": "hNz8ig1v_M9ke",
          "checksum": "aa49f8e6ab031f5b482caa56235a1435"
        },
        {
          "type": "image",
          "assetId": "-dQnyup0ukaT4",
          "checksum": "c41b81e92286adcf2ca1da92381c9599"
        },
        {
          "type": "image",
          "assetId": "bVRTcvxEJs6aY",
          "checksum": "a7a03d63646e14243a372cb148a74e39"
        },
        {
          "type": "image",
          "assetId": "2AnvTTHYSzKX7",
          "checksum": "c809304172fe0e390388ce135fc1c2d9"
        },
        {
          "type": "image",
          "assetId": "DNsfzb5UFfh4l",
          "checksum": "b91809f155d4e45cc5676933129cb472"
        },
        {
          "type": "image",
          "assetId": "iE34sWoz6meam",
          "checksum": "ed5d38ede1cd1570cdf9690a489c0221"
        },
        {
          "type": "image",
          "assetId": "-xmAqpvxZhPO1",
          "checksum": "7fa8c7f6298fb11e702eef1e40a03c6b"
        },
        {
          "type": "image",
          "assetId": "y9zAXZ5Phal-L",
          "checksum": "9f249284f61604eab28e623bb6acbe1d"
        },
        {
          "type": "image",
          "assetId": "bIAWiWsJ1YDg9",
          "checksum": "43008942addcdd61f7342d4ff3659a22"
        },
        {
          "type": "image",
          "assetId": "lqNtrqXJG6SZ3",
          "checksum": "a7499f29ba677028765498c55e560b1d"
        },
        {
          "type": "image",
          "assetId": "1leN9P6KfeNkK",
          "checksum": "eb48937e7fa15d062c00a07471e51efe"
        },
        {
          "type": "image",
          "assetId": "QS8JOW5za0l3C",
          "checksum": "d99bf9274c82cf17bbf8f084a577d59d"
        },
        {
          "type": "image",
          "assetId": "eKQIEWA_08bWM",
          "checksum": "45de72e17c2903cdb9f03c1bbc7ab2be"
        },
        {
          "type": "image",
          "assetId": "SpodGlkP1dwm_",
          "checksum": "76fa2b325f22fbdfd559632b1221d93c"
        },
        {
          "type": "image",
          "assetId": "Vl5ObPg1-ECVN",
          "checksum": "6f9c3d73a5413b9f49db65ca19589823"
        },
        {
          "type": "image",
          "assetId": "ahaYfDwE1hQHN",
          "checksum": "63dffecbd62422486f7f294fe9fafe5c"
        },
        {
          "type": "image",
          "assetId": "b6wPvUm82",
          "checksum": "27ad98087f950bf74aa76eb27d2bb796"
        },
        {
          "type": "image",
          "assetId": "iEZkI0Bzp",
          "checksum": "291d368acb191fe5d6a4d119fe6fd4a5"
        },
        {
          "type": "image",
          "assetId": "-bx-BCPoQ",
          "checksum": "ee607b7b885f5bb66c54e0604bcc1e9e"
        },
        {
          "type": "image",
          "assetId": "eXfeWkHhr",
          "checksum": "da8fb986bf1a4d242e1f7f85b8304252"
        },
        {
          "type": "image",
          "assetId": "zE6uZ9ZfR",
          "checksum": "bdaa8b805bb5dd8b254e7ef1f6254a1f"
        }
      ],
      "codegenVersion": "0.0.1"
    }
  ],
  "cliVersion": "0.1.184"
}
